
Microsoft Visual Studio Solution File, Format Version 12.00
# Visual Studio Version 16
VisualStudioVersion = 16.0.30907.101
MinimumVisualStudioVersion = 10.0.40219.1
Project("{9A19103F-16F7-4668-BE54-9A1E7A4F7556}") = "Algorithms", "Algoritms\Algorithms.csproj", "{B815EEA0-B0F0-4C4B-B6DF-28FBF7D8CD25}"
EndProject
Global
	GlobalSection(SolutionConfigurationPlatforms) = preSolution
		Debug|Any CPU = Debug|Any CPU
		Release|Any CPU = Release|Any CPU
	EndGlobalSection
	GlobalSection(ProjectConfigurationPlatforms) = postSolution
		{B815EEA0-B0F0-4C4B-B6DF-28FBF7D8CD25}.Debug|Any CPU.ActiveCfg = Debug|Any CPU
		{B815EEA0-B0F0-4C4B-B6DF-28FBF7D8CD25}.Debug|Any CPU.Build.0 = Debug|Any CPU
		{B815EEA0-B0F0-4C4B-B6DF-28FBF7D8CD25}.Release|Any CPU.ActiveCfg = Release|Any CPU
		{B815EEA0-B0F0-4C4B-B6DF-28FBF7D8CD25}.Release|Any CPU.Build.0 = Release|Any CPU
	EndGlobalSection
	GlobalSection(SolutionProperties) = preSolution
		HideSolutionNode = FALSE
	EndGlobalSection
	GlobalSection(ExtensibilityGlobals) = postSolution
		SolutionGuid = {B9400F8B-51C0-48E5-AD6E-14A5F5F2AEAE}
	EndGlobalSection
EndGlobal
